
Microsoft Visual Studio Solution File, Format Version 12.00
# Visual Studio Version 16
VisualStudioVersion = 16.0.31313.79
MinimumVisualStudioVersion = 10.0.40219.1
Project("{FAE04EC0-301F-11D3-BF4B-00C04F79EFBC}") = "DisAssignment2", "DisAssignment2\DisAssignment2.csproj", "{4F763983-BE0A-4C3A-92D3-6043C9DD83C9}"
EndProject
Global
	GlobalSection(SolutionConfigurationPlatforms) = preSolution
		Debug|Any CPU = Debug|Any CPU
		Release|Any CPU = Release|Any CPU
	EndGlobalSection
	GlobalSection(ProjectConfigurationPlatforms) = postSolution
		{4F763983-BE0A-4C3A-92D3-6043C9DD83C9}.Debug|Any CPU.ActiveCfg = Debug|Any CPU
		{4F763983-BE0A-4C3A-92D3-6043C9DD83C9}.Debug|Any CPU.Build.0 = Debug|Any CPU
		{4F763983-BE0A-4C3A-92D3-6043C9DD83C9}.Release|Any CPU.ActiveCfg = Release|Any CPU
		{4F763983-BE0A-4C3A-92D3-6043C9DD83C9}.Release|Any CPU.Build.0 = Release|Any CPU
	EndGlobalSection
	GlobalSection(SolutionProperties) = preSolution
		HideSolutionNode = FALSE
	EndGlobalSection
	GlobalSection(ExtensibilityGlobals) = postSolution
		SolutionGuid = {65A845E9-086F-465B-A663-D8088613878F}
	EndGlobalSection
EndGlobal
